<Solution>
  <Project Path="API/API.csproj" />
  <Project Path="Application/Application.csproj" Id="0ce70886-04b9-472b-af9f-5f3aaba78e97" />
  <Project Path="Domain/Domain.csproj" Id="88d66b4d-bef2-4dcf-82a6-0bf6cd2dc3d1" />
  <Project Path="Infrastructure/Infrastructure.csproj" Id="0af3022c-9aa5-4972-b9e4-14ca35943fa8" />
  <Project Path="TestProject1/UnitTest.csproj" Id="71f867cf-341a-4b44-8b77-387f562c09a0" />
</Solution>
